// !$*UTF8*$!
{
	archiveVersion = 1;
	classes = {
	};
	objectVersion = 50;
	objects = {

/* Begin PBXBuildFile section */
		AA648AE8221CA7CE002E0EA6 /* Compass.swift in Sources */ = {isa = PBXBuildFile; fileRef = AA648AE7221CA7CE002E0EA6 /* Compass.swift */; };
		AAF58019221C3418002C29E6 /* AppDelegate.swift in Sources */ = {isa = PBXBuildFile; fileRef = AAF58018221C3418002C29E6 /* AppDelegate.swift */; };
		AAF5801B221C3418002C29E6 /* ViewController.swift in Sources */ = {isa = PBXBuildFile; fileRef = AAF5801A221C3418002C29E6 /* ViewController.swift */; };
		AAF5801E221C3418002C29E6 /* Main.storyboard in Resources */ = {isa = PBXBuildFile; fileRef = AAF5801C221C3418002C29E6 /* Main.storyboard */; };
		AAF58020221C3419002C29E6 /* Assets.xcassets in Resources */ = {isa = PBXBuildFile; fileRef = AAF5801F221C3419002C29E6 /* Assets.xcassets */; };
		AAF58023221C3419002C29E6 /* LaunchScreen.storyboard in Resources */ = {isa = PBXBuildFile; fileRef = AAF58021221C3419002C29E6 /* LaunchScreen.storyboard */; };
		AAF5802D221C349D002C29E6 /* WayPointManager.swift in Sources */ = {isa = PBXBuildFile; fileRef = AAF5802C221C349D002C29E6 /* WayPointManager.swift */; };
/* End PBXBuildFile section */

/* Begin PBXFileReference section */
		AA648AE7221CA7CE002E0EA6 /* Compass.swift */ = {isa = PBXFileReference; lastKnownFileType = sourcecode.swift; path = Compass.swift; sourceTree = "<group>"; };
		AAF58015221C3418002C29E6 /* Heading Bug.app */ = {isa = PBXFileReference; explicitFileType = wrapper.application; includeInIndex = 0; path = "Heading Bug.app"; sourceTree = BUILT_PRODUCTS_DIR; };
		AAF58018221C3418002C29E6 /* AppDelegate.swift */ = {isa = PBXFileReference; lastKnownFileType = sourcecode.swift; path = AppDelegate.swift; sourceTree = "<group>"; };
		AAF5801A221C3418002C29E6 /* ViewController.swift */ = {isa = PBXFileReference; lastKnownFileType = sourcecode.swift; path = ViewController.swift; sourceTree = "<group>"; };
		AAF5801D221C3418002C29E6 /* Base */ = {isa = PBXFileReference; lastKnownFileType = file.storyboard; name = Base; path = Base.lproj/Main.storyboard; sourceTree = "<group>"; };
		AAF5801F221C3419002C29E6 /* Assets.xcassets */ = {isa = PBXFileReference; lastKnownFileType = folder.assetcatalog; path = Assets.xcassets; sourceTree = "<group>"; };
		AAF58022221C3419002C29E6 /* Base */ = {isa = PBXFileReference; lastKnownFileType = file.storyboard; name = Base; path = Base.lproj/LaunchScreen.storyboard; sourceTree = "<group>"; };
		AAF58024221C3419002C29E6 /* Info.plist */ = {isa = PBXFileReference; lastKnownFileType = text.plist.xml; path = Info.plist; sourceTree = "<group>"; };
		AAF5802C221C349D002C29E6 /* WayPointManager.swift */ = {isa = PBXFileReference; lastKnownFileType = sourcecode.swift; path = WayPointManager.swift; sourceTree = "<group>"; };
/* End PBXFileReference section */

/* Begin PBXFrameworksBuildPhase section */
		AAF58012221C3418002C29E6 /* Frameworks */ = {
			isa = PBXFrameworksBuildPhase;
			buildActionMask = 2147483647;
			files = (
			);
			runOnlyForDeploymentPostprocessing = 0;
		};
/* End PBXFrameworksBuildPhase section */

/* Begin PBXGroup section */
		AAF5800C221C3418002C29E6 = {
			isa = PBXGroup;
			children = (
				AAF58017221C3418002C29E6 /* Heading Bug */,
				AAF58016221C3418002C29E6 /* Products */,
			);
			sourceTree = "<group>";
		};
		AAF58016221C3418002C29E6 /* Products */ = {
			isa = PBXGroup;
			children = (
				AAF58015221C3418002C29E6 /* Heading Bug.app */,
			);
			name = Products;
			sourceTree = "<group>";
		};
		AAF58017221C3418002C29E6 /* Heading Bug */ = {
			isa = PBXGroup;
			children = (
				AAF58018221C3418002C29E6 /* AppDelegate.swift */,
				AAF5801A221C3418002C29E6 /* ViewController.swift */,
				AAF5801C221C3418002C29E6 /* Main.storyboard */,
				AAF5801F221C3419002C29E6 /* Assets.xcassets */,
				AAF58021221C3419002C29E6 /* LaunchScreen.storyboard */,
				AAF58024221C3419002C29E6 /* Info.plist */,
				AAF5802C221C349D002C29E6 /* WayPointManager.swift */,
				AA648AE7221CA7CE002E0EA6 /* Compass.swift */,
			);
			path = "Heading Bug";
			sourceTree = "<group>";
		};
/* End PBXGroup section */

/* Begin PBXNativeTarget section */
		AAF58014221C3418002C29E6 /* Heading Bug */ = {
			isa = PBXNativeTarget;
			buildConfigurationList = AAF58027221C3419002C29E6 /* Build configuration list for PBXNativeTarget "Heading Bug" */;
			buildPhases = (
				AAF58011221C3418002C29E6 /* Sources */,
				AAF58012221C3418002C29E6 /* Frameworks */,
				AAF58013221C3418002C29E6 /* Resources */,
			);
			buildRules = (
			);
			dependencies = (
			);
			name = "Heading Bug";
			productName = "Heading Bug";
			productReference = AAF58015221C3418002C29E6 /* Heading Bug.app */;
			productType = "com.apple.product-type.application";
		};
/* End PBXNativeTarget section */

/* Begin PBXProject section */
		AAF5800D221C3418002C29E6 /* Project object */ = {
			isa = PBXProject;
			attributes = {
				LastSwiftUpdateCheck = 1010;
				LastUpgradeCheck = 1010;
				ORGANIZATIONNAME = Steve;
				TargetAttributes = {
					AAF58014221C3418002C29E6 = {
						CreatedOnToolsVersion = 10.1;
					};
				};
			};
			buildConfigurationList = AAF58010221C3418002C29E6 /* Build configuration list for PBXProject "Heading Bug" */;
			compatibilityVersion = "Xcode 9.3";
			developmentRegion = en;
			hasScannedForEncodings = 0;
			knownRegions = (
				en,
				Base,
			);
			mainGroup = AAF5800C221C3418002C29E6;
			productRefGroup = AAF58016221C3418002C29E6 /* Products */;
			projectDirPath = "";
			projectRoot = "";
			targets = (
				AAF58014221C3418002C29E6 /* Heading Bug */,
			);
		};
/* End PBXProject section */

/* Begin PBXResourcesBuildPhase section */
		AAF58013221C3418002C29E6 /* Resources */ = {
			isa = PBXResourcesBuildPhase;
			buildActionMask = 2147483647;
			files = (
				AAF58023221C3419002C29E6 /* LaunchScreen.storyboard in Resources */,
				AAF58020221C3419002C29E6 /* Assets.xcassets in Resources */,
				AAF5801E221C3418002C29E6 /* Main.storyboard in Resources */,
			);
			runOnlyForDeploymentPostprocessing = 0;
		};
/* End PBXResourcesBuildPhase section */

/* Begin PBXSourcesBuildPhase section */
		AAF58011221C3418002C29E6 /* Sources */ = {
			isa = PBXSourcesBuildPhase;
			buildActionMask = 2147483647;
			files = (
				AAF5802D221C349D002C29E6 /* WayPointManager.swift in Sources */,
				AAF5801B221C3418002C29E6 /* ViewController.swift in Sources */,
				AA648AE8221CA7CE002E0EA6 /* Compass.swift in Sources */,
				AAF58019221C3418002C29E6 /* AppDelegate.swift in Sources */,
			);
			runOnlyForDeploymentPostprocessing = 0;
		};
/* End PBXSourcesBuildPhase section */

/* Begin PBXVariantGroup section */
		AAF5801C221C3418002C29E6 /* Main.storyboard */ = {
			isa = PBXVariantGroup;
			children = (
				AAF5801D221C3418002C29E6 /* Base */,
			);
			name = Main.storyboard;
			sourceTree = "<group>";
		};
		AAF58021221C3419002C29E6 /* LaunchScreen.storyboard */ = {
			isa = PBXVariantGroup;
			children = (
				AAF58022221C3419002C29E6 /* Base */,
			);
			name = LaunchScreen.storyboard;
			sourceTree = "<group>";
		};
/* End PBXVariantGroup section */

/* Begin XCBuildConfiguration section */
		AAF58025221C3419002C29E6 /* Debug */ = {
			isa = XCBuildConfiguration;
			buildSettings = {
				ALWAYS_SEARCH_USER_PATHS = NO;
				CLANG_ANALYZER_NONNULL = YES;
				CLANG_ANALYZER_NUMBER_OBJECT_CONVERSION = YES_AGGRESSIVE;
				CLANG_CXX_LANGUAGE_STANDARD = "gnu++14";
				CLANG_CXX_LIBRARY = "libc++";
				CLANG_ENABLE_MODULES = YES;
				CLANG_ENABLE_OBJC_ARC = YES;
				CLANG_ENABLE_OBJC_WEAK = YES;
				CLANG_WARN_BLOCK_CAPTURE_AUTORELEASING = YES;
				CLANG_WARN_BOOL_CONVERSION = YES;
				CLANG_WARN_COMMA = YES;
				CLANG_WARN_CONSTANT_CONVERSION = YES;
				CLANG_WARN_DEPRECATED_OBJC_IMPLEMENTATIONS = YES;
				CLANG_WARN_DIRECT_OBJC_ISA_USAGE = YES_ERROR;
				CLANG_WARN_DOCUMENTATION_COMMENTS = YES;
				CLANG_WARN_EMPTY_BODY = YES;
				CLANG_WARN_ENUM_CONVERSION = YES;
				CLANG_WARN_INFINITE_RECURSION = YES;
				CLANG_WARN_INT_CONVERSION = YES;
				CLANG_WARN_NON_LITERAL_NULL_CONVERSION = YES;
				CLANG_WARN_OBJC_IMPLICIT_RETAIN_SELF = YES;
				CLANG_WARN_OBJC_LITERAL_CONVERSION = YES;
				CLANG_WARN_OBJC_ROOT_CLASS = YES_ERROR;
				CLANG_WARN_RANGE_LOOP_ANALYSIS = YES;
				CLANG_WARN_STRICT_PROTOTYPES = YES;
				CLANG_WARN_SUSPICIOUS_MOVE = YES;
				CLANG_WARN_UNGUARDED_AVAILABILITY = YES_AGGRESSIVE;
				CLANG_WARN_UNREACHABLE_CODE = YES;
				CLANG_WARN__DUPLICATE_METHOD_MATCH = YES;
				CODE_SIGN_IDENTITY = "iPhone Developer";
				COPY_PHASE_STRIP = NO;
				DEBUG_INFORMATION_FORMAT = dwarf;
				ENABLE_STRICT_OBJC_MSGSEND = YES;
				ENABLE_TESTABILITY = YES;
				GCC_C_LANGUAGE_STANDARD = gnu11;
				GCC_DYNAMIC_NO_PIC = NO;
				GCC_NO_COMMON_BLOCKS = YES;
				GCC_OPTIMIZATION_LEVEL = 0;
				GCC_PREPROCESSOR_DEFINITIONS = (
					"DEBUG=1",
					"$(inherited)",
				);
				GCC_WARN_64_TO_32_BIT_CONVERSION = YES;
				GCC_WARN_ABOUT_RETURN_TYPE = YES_ERROR;
				GCC_WARN_UNDECLARED_SELECTOR = YES;
				GCC_WARN_UNINITIALIZED_AUTOS = YES_AGGRESSIVE;
				GCC_WARN_UNUSED_FUNCTION = YES;
				GCC_WARN_UNUSED_VARIABLE = YES;
				IPHONEOS_DEPLOYMENT_TARGET = 12.1;
				MTL_ENABLE_DEBUG_INFO = INCLUDE_SOURCE;
				MTL_FAST_MATH = YES;
				ONLY_ACTIVE_ARCH = YES;
				SDKROOT = iphoneos;
				SWIFT_ACTIVE_COMPILATION_CONDITIONS = DEBUG;
				SWIFT_OPTIMIZATION_LEVEL = "-Onone";
			};
			name = Debug;
		};
		AAF58026221C3419002C29E6 /* Release */ = {
			isa = XCBuildConfiguration;
			buildSettings = {
				ALWAYS_SEARCH_USER_PATHS = NO;
				CLANG_ANALYZER_NONNULL = YES;
				CLANG_ANALYZER_NUMBER_OBJECT_CONVERSION = YES_AGGRESSIVE;
				CLANG_CXX_LANGUAGE_STANDARD = "gnu++14";
				CLANG_CXX_LIBRARY = "libc++";
				CLANG_ENABLE_MODULES = YES;
				CLANG_ENABLE_OBJC_ARC = YES;
				CLANG_ENABLE_OBJC_WEAK = YES;
				CLANG_WARN_BLOCK_CAPTURE_AUTORELEASING = YES;
				CLANG_WARN_BOOL_CONVERSION = YES;
				CLANG_WARN_COMMA = YES;
				CLANG_WARN_CONSTANT_CONVERSION = YES;
				CLANG_WARN_DEPRECATED_OBJC_IMPLEMENTATIONS = YES;
				CLANG_WARN_DIRECT_OBJC_ISA_USAGE = YES_ERROR;
				CLANG_WARN_DOCUMENTATION_COMMENTS = YES;
				CLANG_WARN_EMPTY_BODY = YES;
				CLANG_WARN_ENUM_CONVERSION = YES;
				CLANG_WARN_INFINITE_RECURSION = YES;
				CLANG_WARN_INT_CONVERSION = YES;
				CLANG_WARN_NON_LITERAL_NULL_CONVERSION = YES;
				CLANG_WARN_OBJC_IMPLICIT_RETAIN_SELF = YES;
				CLANG_WARN_OBJC_LITERAL_CONVERSION = YES;
				CLANG_WARN_OBJC_ROOT_CLASS = YES_ERROR;
				CLANG_WARN_RANGE_LOOP_ANALYSIS = YES;
				CLANG_WARN_STRICT_PROTOTYPES = YES;
				CLANG_WARN_SUSPICIOUS_MOVE = YES;
				CLANG_WARN_UNGUARDED_AVAILABILITY = YES_AGGRESSIVE;
				CLANG_WARN_UNREACHABLE_CODE = YES;
				CLANG_WARN__DUPLICATE_METHOD_MATCH = YES;
				CODE_SIGN_IDENTITY = "iPhone Developer";
				COPY_PHASE_STRIP = NO;
				DEBUG_INFORMATION_FORMAT = "dwarf-with-dsym";
				ENABLE_NS_ASSERTIONS = NO;
				ENABLE_STRICT_OBJC_MSGSEND = YES;
				GCC_C_LANGUAGE_STANDARD = gnu11;
				GCC_NO_COMMON_BLOCKS = YES;
				GCC_WARN_64_TO_32_BIT_CONVERSION = YES;
				GCC_WARN_ABOUT_RETURN_TYPE = YES_ERROR;
				GCC_WARN_UNDECLARED_SELECTOR = YES;
				GCC_WARN_UNINITIALIZED_AUTOS = YES_AGGRESSIVE;
				GCC_WARN_UNUSED_FUNCTION = YES;
				GCC_WARN_UNUSED_VARIABLE = YES;
				IPHONEOS_DEPLOYMENT_TARGET = 12.1;
				MTL_ENABLE_DEBUG_INFO = NO;
				MTL_FAST_MATH = YES;
				SDKROOT = iphoneos;
				SWIFT_COMPILATION_MODE = wholemodule;
				SWIFT_OPTIMIZATION_LEVEL = "-O";
				VALIDATE_PRODUCT = YES;
			};
			name = Release;
		};
		AAF58028221C3419002C29E6 /* Debug */ = {
			isa = XCBuildConfiguration;
			buildSettings = {
				ASSETCATALOG_COMPILER_APPICON_NAME = AppIcon;
				CODE_SIGN_STYLE = Automatic;
				DEVELOPMENT_TEAM = 22648A4K3P;
				INFOPLIST_FILE = "Heading Bug/Info.plist";
				LD_RUNPATH_SEARCH_PATHS = (
					"$(inherited)",
					"@executable_path/Frameworks",
				);
				PRODUCT_BUNDLE_IDENTIFIER = "eu.trease.Heading-Bug";
				PRODUCT_NAME = "$(TARGET_NAME)";
				SWIFT_VERSION = 4.2;
				TARGETED_DEVICE_FAMILY = "1,2";
			};
			name = Debug;
		};
		AAF58029221C3419002C29E6 /* Release */ = {
			isa = XCBuildConfiguration;
			buildSettings = {
				ASSETCATALOG_COMPILER_APPICON_NAME = AppIcon;
				CODE_SIGN_STYLE = Automatic;
				DEVELOPMENT_TEAM = 22648A4K3P;
				INFOPLIST_FILE = "Heading Bug/Info.plist";
				LD_RUNPATH_SEARCH_PATHS = (
					"$(inherited)",
					"@executable_path/Frameworks",
				);
				PRODUCT_BUNDLE_IDENTIFIER = "eu.trease.Heading-Bug";
				PRODUCT_NAME = "$(TARGET_NAME)";
				SWIFT_VERSION = 4.2;
				TARGETED_DEVICE_FAMILY = "1,2";
			};
			name = Release;
		};
/* End XCBuildConfiguration section */

/* Begin XCConfigurationList section */
		AAF58010221C3418002C29E6 /* Build configuration list for PBXProject "Heading Bug" */ = {
			isa = XCConfigurationList;
			buildConfigurations = (
				AAF58025221C3419002C29E6 /* Debug */,
				AAF58026221C3419002C29E6 /* Release */,
			);
			defaultConfigurationIsVisible = 0;
			defaultConfigurationName = Release;
		};
		AAF58027221C3419002C29E6 /* Build configuration list for PBXNativeTarget "Heading Bug" */ = {
			isa = XCConfigurationList;
			buildConfigurations = (
				AAF58028221C3419002C29E6 /* Debug */,
				AAF58029221C3419002C29E6 /* Release */,
			);
			defaultConfigurationIsVisible = 0;
			defaultConfigurationName = Release;
		};
/* End XCConfigurationList section */
	};
	rootObject = AAF5800D221C3418002C29E6 /* Project object */;
}
